
Microsoft Visual Studio Solution File, Format Version 12.00
# Visual Studio 15
VisualStudioVersion = 15.0.28307.1000
MinimumVisualStudioVersion = 10.0.40219.1
Project("{FAE04EC0-301F-11D3-BF4B-00C04F79EFBC}") = "BanlydPharmacy", "BanlydPharmacy\BanlydPharmacy.csproj", "{CE8126CD-A0B8-4725-BFF0-51B4325E3A78}"
EndProject
Global
	GlobalSection(SolutionConfigurationPlatforms) = preSolution
		All|Any CPU = All|Any CPU
		Debug|Any CPU = Debug|Any CPU
		Release|Any CPU = Release|Any CPU
	EndGlobalSection
	GlobalSection(ProjectConfigurationPlatforms) = postSolution
		{CE8126CD-A0B8-4725-BFF0-51B4325E3A78}.All|Any CPU.ActiveCfg = Release|Any CPU
		{CE8126CD-A0B8-4725-BFF0-51B4325E3A78}.All|Any CPU.Build.0 = Release|Any CPU
		{CE8126CD-A0B8-4725-BFF0-51B4325E3A78}.Debug|Any CPU.ActiveCfg = Debug|Any CPU
		{CE8126CD-A0B8-4725-BFF0-51B4325E3A78}.Debug|Any CPU.Build.0 = Debug|Any CPU
		{CE8126CD-A0B8-4725-BFF0-51B4325E3A78}.Release|Any CPU.ActiveCfg = Release|Any CPU
		{CE8126CD-A0B8-4725-BFF0-51B4325E3A78}.Release|Any CPU.Build.0 = Release|Any CPU
	EndGlobalSection
	GlobalSection(SolutionProperties) = preSolution
		HideSolutionNode = FALSE
	EndGlobalSection
	GlobalSection(ExtensibilityGlobals) = postSolution
		SolutionGuid = {19F464FE-49E1-4CE9-8A67-3DDA91FABE82}
	EndGlobalSection
EndGlobal
